
Microsoft Visual Studio Solution File, Format Version 12.00
# Visual Studio Version 17
VisualStudioVersion = 17.5.33530.505
MinimumVisualStudioVersion = 10.0.40219.1
Project("{FAE04EC0-301F-11D3-BF4B-00C04F79EFBC}") = "ProblemSolving1", "ProblemSolving1\ProblemSolving1.csproj", "{0370E63C-9101-40DE-BD63-CB1310E087B2}"
EndProject
Global
	GlobalSection(SolutionConfigurationPlatforms) = preSolution
		Debug|Any CPU = Debug|Any CPU
		Release|Any CPU = Release|Any CPU
	EndGlobalSection
	GlobalSection(ProjectConfigurationPlatforms) = postSolution
		{0370E63C-9101-40DE-BD63-CB1310E087B2}.Debug|Any CPU.ActiveCfg = Debug|Any CPU
		{0370E63C-9101-40DE-BD63-CB1310E087B2}.Debug|Any CPU.Build.0 = Debug|Any CPU
		{0370E63C-9101-40DE-BD63-CB1310E087B2}.Release|Any CPU.ActiveCfg = Release|Any CPU
		{0370E63C-9101-40DE-BD63-CB1310E087B2}.Release|Any CPU.Build.0 = Release|Any CPU
	EndGlobalSection
	GlobalSection(SolutionProperties) = preSolution
		HideSolutionNode = FALSE
	EndGlobalSection
	GlobalSection(ExtensibilityGlobals) = postSolution
		SolutionGuid = {83DF79F4-6632-4EA3-9174-54F6D2EE6E88}
	EndGlobalSection
EndGlobal
